// !$*UTF8*$!
{
	archiveVersion = 1;
	classes = {
	};
	objectVersion = 56;
	objects = {

/* Begin PBXBuildFile section */
		EDE23CDA29A22414008259CC /* EggTimerSwiftUIApp.swift in Sources */ = {isa = PBXBuildFile; fileRef = EDE23CD929A22414008259CC /* EggTimerSwiftUIApp.swift */; };
		EDE23CDC29A22414008259CC /* ContentView.swift in Sources */ = {isa = PBXBuildFile; fileRef = EDE23CDB29A22414008259CC /* ContentView.swift */; };
		EDE23CDE29A22415008259CC /* Assets.xcassets in Resources */ = {isa = PBXBuildFile; fileRef = EDE23CDD29A22415008259CC /* Assets.xcassets */; };
		EDE23CE129A22415008259CC /* Preview Assets.xcassets in Resources */ = {isa = PBXBuildFile; fileRef = EDE23CE029A22415008259CC /* Preview Assets.xcassets */; };
		EDE23CE829A22612008259CC /* EggView.swift in Sources */ = {isa = PBXBuildFile; fileRef = EDE23CE729A22612008259CC /* EggView.swift */; };
		EDE23CEC29A24FA4008259CC /* ProgressViewStyle.swift in Sources */ = {isa = PBXBuildFile; fileRef = EDE23CEB29A24FA4008259CC /* ProgressViewStyle.swift */; };
		EDE23CEE29A2743D008259CC /* ProgressFooterView.swift in Sources */ = {isa = PBXBuildFile; fileRef = EDE23CED29A2743D008259CC /* ProgressFooterView.swift */; };
		EDE23CF629A2F274008259CC /* alarm_sound.mp3 in Resources */ = {isa = PBXBuildFile; fileRef = EDE23CF529A2F274008259CC /* alarm_sound.mp3 */; };
/* End PBXBuildFile section */

/* Begin PBXFileReference section */
		EDE23CD629A22414008259CC /* EggTimerSwiftUI.app */ = {isa = PBXFileReference; explicitFileType = wrapper.application; includeInIndex = 0; path = EggTimerSwiftUI.app; sourceTree = BUILT_PRODUCTS_DIR; };
		EDE23CD929A22414008259CC /* EggTimerSwiftUIApp.swift */ = {isa = PBXFileReference; lastKnownFileType = sourcecode.swift; path = EggTimerSwiftUIApp.swift; sourceTree = "<group>"; };
		EDE23CDB29A22414008259CC /* ContentView.swift */ = {isa = PBXFileReference; lastKnownFileType = sourcecode.swift; path = ContentView.swift; sourceTree = "<group>"; };
		EDE23CDD29A22415008259CC /* Assets.xcassets */ = {isa = PBXFileReference; lastKnownFileType = folder.assetcatalog; path = Assets.xcassets; sourceTree = "<group>"; };
		EDE23CE029A22415008259CC /* Preview Assets.xcassets */ = {isa = PBXFileReference; lastKnownFileType = folder.assetcatalog; path = "Preview Assets.xcassets"; sourceTree = "<group>"; };
		EDE23CE729A22612008259CC /* EggView.swift */ = {isa = PBXFileReference; lastKnownFileType = sourcecode.swift; path = EggView.swift; sourceTree = "<group>"; };
		EDE23CEB29A24FA4008259CC /* ProgressViewStyle.swift */ = {isa = PBXFileReference; lastKnownFileType = sourcecode.swift; path = ProgressViewStyle.swift; sourceTree = "<group>"; };
		EDE23CED29A2743D008259CC /* ProgressFooterView.swift */ = {isa = PBXFileReference; lastKnownFileType = sourcecode.swift; path = ProgressFooterView.swift; sourceTree = "<group>"; };
		EDE23CF529A2F274008259CC /* alarm_sound.mp3 */ = {isa = PBXFileReference; lastKnownFileType = audio.mp3; path = alarm_sound.mp3; sourceTree = "<group>"; };
/* End PBXFileReference section */

/* Begin PBXFrameworksBuildPhase section */
		EDE23CD329A22414008259CC /* Frameworks */ = {
			isa = PBXFrameworksBuildPhase;
			buildActionMask = 2147483647;
			files = (
			);
			runOnlyForDeploymentPostprocessing = 0;
		};
/* End PBXFrameworksBuildPhase section */

/* Begin PBXGroup section */
		EDE23CCD29A22414008259CC = {
			isa = PBXGroup;
			children = (
				EDE23CD829A22414008259CC /* EggTimerSwiftUI */,
				EDE23CD729A22414008259CC /* Products */,
			);
			sourceTree = "<group>";
		};
		EDE23CD729A22414008259CC /* Products */ = {
			isa = PBXGroup;
			children = (
				EDE23CD629A22414008259CC /* EggTimerSwiftUI.app */,
			);
			name = Products;
			sourceTree = "<group>";
		};
		EDE23CD829A22414008259CC /* EggTimerSwiftUI */ = {
			isa = PBXGroup;
			children = (
				EDE23CF429A2F1FB008259CC /* Sound */,
				EDE23CDB29A22414008259CC /* ContentView.swift */,
				EDE23CE729A22612008259CC /* EggView.swift */,
				EDE23CED29A2743D008259CC /* ProgressFooterView.swift */,
				EDE23CEB29A24FA4008259CC /* ProgressViewStyle.swift */,
				EDE23CD929A22414008259CC /* EggTimerSwiftUIApp.swift */,
				EDE23CDD29A22415008259CC /* Assets.xcassets */,
				EDE23CDF29A22415008259CC /* Preview Content */,
			);
			path = EggTimerSwiftUI;
			sourceTree = "<group>";
		};
		EDE23CDF29A22415008259CC /* Preview Content */ = {
			isa = PBXGroup;
			children = (
				EDE23CE029A22415008259CC /* Preview Assets.xcassets */,
			);
			path = "Preview Content";
			sourceTree = "<group>";
		};
		EDE23CF429A2F1FB008259CC /* Sound */ = {
			isa = PBXGroup;
			children = (
				EDE23CF529A2F274008259CC /* alarm_sound.mp3 */,
			);
			path = Sound;
			sourceTree = "<group>";
		};
/* End PBXGroup section */

/* Begin PBXNativeTarget section */
		EDE23CD529A22414008259CC /* EggTimerSwiftUI */ = {
			isa = PBXNativeTarget;
			buildConfigurationList = EDE23CE429A22415008259CC /* Build configuration list for PBXNativeTarget "EggTimerSwiftUI" */;
			buildPhases = (
				EDE23CD229A22414008259CC /* Sources */,
				EDE23CD329A22414008259CC /* Frameworks */,
				EDE23CD429A22414008259CC /* Resources */,
			);
			buildRules = (
			);
			dependencies = (
			);
			name = EggTimerSwiftUI;
			productName = EggTimerSwiftUI;
			productReference = EDE23CD629A22414008259CC /* EggTimerSwiftUI.app */;
			productType = "com.apple.product-type.application";
		};
/* End PBXNativeTarget section */

/* Begin PBXProject section */
		EDE23CCE29A22414008259CC /* Project object */ = {
			isa = PBXProject;
			attributes = {
				BuildIndependentTargetsInParallel = 1;
				LastSwiftUpdateCheck = 1420;
				LastUpgradeCheck = 1420;
				TargetAttributes = {
					EDE23CD529A22414008259CC = {
						CreatedOnToolsVersion = 14.2;
					};
				};
			};
			buildConfigurationList = EDE23CD129A22414008259CC /* Build configuration list for PBXProject "EggTimerSwiftUI" */;
			compatibilityVersion = "Xcode 14.0";
			developmentRegion = en;
			hasScannedForEncodings = 0;
			knownRegions = (
				en,
				Base,
			);
			mainGroup = EDE23CCD29A22414008259CC;
			productRefGroup = EDE23CD729A22414008259CC /* Products */;
			projectDirPath = "";
			projectRoot = "";
			targets = (
				EDE23CD529A22414008259CC /* EggTimerSwiftUI */,
			);
		};
/* End PBXProject section */

/* Begin PBXResourcesBuildPhase section */
		EDE23CD429A22414008259CC /* Resources */ = {
			isa = PBXResourcesBuildPhase;
			buildActionMask = 2147483647;
			files = (
				EDE23CE129A22415008259CC /* Preview Assets.xcassets in Resources */,
				EDE23CF629A2F274008259CC /* alarm_sound.mp3 in Resources */,
				EDE23CDE29A22415008259CC /* Assets.xcassets in Resources */,
			);
			runOnlyForDeploymentPostprocessing = 0;
		};
/* End PBXResourcesBuildPhase section */

/* Begin PBXSourcesBuildPhase section */
		EDE23CD229A22414008259CC /* Sources */ = {
			isa = PBXSourcesBuildPhase;
			buildActionMask = 2147483647;
			files = (
				EDE23CDC29A22414008259CC /* ContentView.swift in Sources */,
				EDE23CDA29A22414008259CC /* EggTimerSwiftUIApp.swift in Sources */,
				EDE23CE829A22612008259CC /* EggView.swift in Sources */,
				EDE23CEC29A24FA4008259CC /* ProgressViewStyle.swift in Sources */,
				EDE23CEE29A2743D008259CC /* ProgressFooterView.swift in Sources */,
			);
			runOnlyForDeploymentPostprocessing = 0;
		};
/* End PBXSourcesBuildPhase section */

/* Begin XCBuildConfiguration section */
		EDE23CE229A22415008259CC /* Debug */ = {
			isa = XCBuildConfiguration;
			buildSettings = {
				ALWAYS_SEARCH_USER_PATHS = NO;
				CLANG_ANALYZER_NONNULL = YES;
				CLANG_ANALYZER_NUMBER_OBJECT_CONVERSION = YES_AGGRESSIVE;
				CLANG_CXX_LANGUAGE_STANDARD = "gnu++20";
				CLANG_ENABLE_MODULES = YES;
				CLANG_ENABLE_OBJC_ARC = YES;
				CLANG_ENABLE_OBJC_WEAK = YES;
				CLANG_WARN_BLOCK_CAPTURE_AUTORELEASING = YES;
				CLANG_WARN_BOOL_CONVERSION = YES;
				CLANG_WARN_COMMA = YES;
				CLANG_WARN_CONSTANT_CONVERSION = YES;
				CLANG_WARN_DEPRECATED_OBJC_IMPLEMENTATIONS = YES;
				CLANG_WARN_DIRECT_OBJC_ISA_USAGE = YES_ERROR;
				CLANG_WARN_DOCUMENTATION_COMMENTS = YES;
				CLANG_WARN_EMPTY_BODY = YES;
				CLANG_WARN_ENUM_CONVERSION = YES;
				CLANG_WARN_INFINITE_RECURSION = YES;
				CLANG_WARN_INT_CONVERSION = YES;
				CLANG_WARN_NON_LITERAL_NULL_CONVERSION = YES;
				CLANG_WARN_OBJC_IMPLICIT_RETAIN_SELF = YES;
				CLANG_WARN_OBJC_LITERAL_CONVERSION = YES;
				CLANG_WARN_OBJC_ROOT_CLASS = YES_ERROR;
				CLANG_WARN_QUOTED_INCLUDE_IN_FRAMEWORK_HEADER = YES;
				CLANG_WARN_RANGE_LOOP_ANALYSIS = YES;
				CLANG_WARN_STRICT_PROTOTYPES = YES;
				CLANG_WARN_SUSPICIOUS_MOVE = YES;
				CLANG_WARN_UNGUARDED_AVAILABILITY = YES_AGGRESSIVE;
				CLANG_WARN_UNREACHABLE_CODE = YES;
				CLANG_WARN__DUPLICATE_METHOD_MATCH = YES;
				COPY_PHASE_STRIP = NO;
				DEBUG_INFORMATION_FORMAT = dwarf;
				ENABLE_STRICT_OBJC_MSGSEND = YES;
				ENABLE_TESTABILITY = YES;
				GCC_C_LANGUAGE_STANDARD = gnu11;
				GCC_DYNAMIC_NO_PIC = NO;
				GCC_NO_COMMON_BLOCKS = YES;
				GCC_OPTIMIZATION_LEVEL = 0;
				GCC_PREPROCESSOR_DEFINITIONS = (
					"DEBUG=1",
					"$(inherited)",
				);
				GCC_WARN_64_TO_32_BIT_CONVERSION = YES;
				GCC_WARN_ABOUT_RETURN_TYPE = YES_ERROR;
				GCC_WARN_UNDECLARED_SELECTOR = YES;
				GCC_WARN_UNINITIALIZED_AUTOS = YES_AGGRESSIVE;
				GCC_WARN_UNUSED_FUNCTION = YES;
				GCC_WARN_UNUSED_VARIABLE = YES;
				IPHONEOS_DEPLOYMENT_TARGET = 16.2;
				MTL_ENABLE_DEBUG_INFO = INCLUDE_SOURCE;
				MTL_FAST_MATH = YES;
				ONLY_ACTIVE_ARCH = YES;
				SDKROOT = iphoneos;
				SWIFT_ACTIVE_COMPILATION_CONDITIONS = DEBUG;
				SWIFT_OPTIMIZATION_LEVEL = "-Onone";
			};
			name = Debug;
		};
		EDE23CE329A22415008259CC /* Release */ = {
			isa = XCBuildConfiguration;
			buildSettings = {
				ALWAYS_SEARCH_USER_PATHS = NO;
				CLANG_ANALYZER_NONNULL = YES;
				CLANG_ANALYZER_NUMBER_OBJECT_CONVERSION = YES_AGGRESSIVE;
				CLANG_CXX_LANGUAGE_STANDARD = "gnu++20";
				CLANG_ENABLE_MODULES = YES;
				CLANG_ENABLE_OBJC_ARC = YES;
				CLANG_ENABLE_OBJC_WEAK = YES;
				CLANG_WARN_BLOCK_CAPTURE_AUTORELEASING = YES;
				CLANG_WARN_BOOL_CONVERSION = YES;
				CLANG_WARN_COMMA = YES;
				CLANG_WARN_CONSTANT_CONVERSION = YES;
				CLANG_WARN_DEPRECATED_OBJC_IMPLEMENTATIONS = YES;
				CLANG_WARN_DIRECT_OBJC_ISA_USAGE = YES_ERROR;
				CLANG_WARN_DOCUMENTATION_COMMENTS = YES;
				CLANG_WARN_EMPTY_BODY = YES;
				CLANG_WARN_ENUM_CONVERSION = YES;
				CLANG_WARN_INFINITE_RECURSION = YES;
				CLANG_WARN_INT_CONVERSION = YES;
				CLANG_WARN_NON_LITERAL_NULL_CONVERSION = YES;
				CLANG_WARN_OBJC_IMPLICIT_RETAIN_SELF = YES;
				CLANG_WARN_OBJC_LITERAL_CONVERSION = YES;
				CLANG_WARN_OBJC_ROOT_CLASS = YES_ERROR;
				CLANG_WARN_QUOTED_INCLUDE_IN_FRAMEWORK_HEADER = YES;
				CLANG_WARN_RANGE_LOOP_ANALYSIS = YES;
				CLANG_WARN_STRICT_PROTOTYPES = YES;
				CLANG_WARN_SUSPICIOUS_MOVE = YES;
				CLANG_WARN_UNGUARDED_AVAILABILITY = YES_AGGRESSIVE;
				CLANG_WARN_UNREACHABLE_CODE = YES;
				CLANG_WARN__DUPLICATE_METHOD_MATCH = YES;
				COPY_PHASE_STRIP = NO;
				DEBUG_INFORMATION_FORMAT = "dwarf-with-dsym";
				ENABLE_NS_ASSERTIONS = NO;
				ENABLE_STRICT_OBJC_MSGSEND = YES;
				GCC_C_LANGUAGE_STANDARD = gnu11;
				GCC_NO_COMMON_BLOCKS = YES;
				GCC_WARN_64_TO_32_BIT_CONVERSION = YES;
				GCC_WARN_ABOUT_RETURN_TYPE = YES_ERROR;
				GCC_WARN_UNDECLARED_SELECTOR = YES;
				GCC_WARN_UNINITIALIZED_AUTOS = YES_AGGRESSIVE;
				GCC_WARN_UNUSED_FUNCTION = YES;
				GCC_WARN_UNUSED_VARIABLE = YES;
				IPHONEOS_DEPLOYMENT_TARGET = 16.2;
				MTL_ENABLE_DEBUG_INFO = NO;
				MTL_FAST_MATH = YES;
				SDKROOT = iphoneos;
				SWIFT_COMPILATION_MODE = wholemodule;
				SWIFT_OPTIMIZATION_LEVEL = "-O";
				VALIDATE_PRODUCT = YES;
			};
			name = Release;
		};
		EDE23CE529A22415008259CC /* Debug */ = {
			isa = XCBuildConfiguration;
			buildSettings = {
				ASSETCATALOG_COMPILER_APPICON_NAME = AppIcon;
				ASSETCATALOG_COMPILER_GLOBAL_ACCENT_COLOR_NAME = AccentColor;
				CODE_SIGN_STYLE = Automatic;
				CURRENT_PROJECT_VERSION = 1;
				DEVELOPMENT_ASSET_PATHS = "\"EggTimerSwiftUI/Preview Content\"";
				DEVELOPMENT_TEAM = HDPNMRTNJ6;
				ENABLE_PREVIEWS = YES;
				GENERATE_INFOPLIST_FILE = YES;
				INFOPLIST_KEY_UIApplicationSceneManifest_Generation = YES;
				INFOPLIST_KEY_UIApplicationSupportsIndirectInputEvents = YES;
				INFOPLIST_KEY_UILaunchScreen_Generation = YES;
				INFOPLIST_KEY_UISupportedInterfaceOrientations_iPad = "UIInterfaceOrientationPortrait UIInterfaceOrientationPortraitUpsideDown UIInterfaceOrientationLandscapeLeft UIInterfaceOrientationLandscapeRight";
				INFOPLIST_KEY_UISupportedInterfaceOrientations_iPhone = "UIInterfaceOrientationPortrait UIInterfaceOrientationLandscapeLeft UIInterfaceOrientationLandscapeRight";
				LD_RUNPATH_SEARCH_PATHS = (
					"$(inherited)",
					"@executable_path/Frameworks",
				);
				MARKETING_VERSION = 1.0;
				PRODUCT_BUNDLE_IDENTIFIER = comArtemBilyi.EggTimerSwiftUI;
				PRODUCT_NAME = "$(TARGET_NAME)";
				SWIFT_EMIT_LOC_STRINGS = YES;
				SWIFT_VERSION = 5.0;
				TARGETED_DEVICE_FAMILY = "1,2";
			};
			name = Debug;
		};
		EDE23CE629A22415008259CC /* Release */ = {
			isa = XCBuildConfiguration;
			buildSettings = {
				ASSETCATALOG_COMPILER_APPICON_NAME = AppIcon;
				ASSETCATALOG_COMPILER_GLOBAL_ACCENT_COLOR_NAME = AccentColor;
				CODE_SIGN_STYLE = Automatic;
				CURRENT_PROJECT_VERSION = 1;
				DEVELOPMENT_ASSET_PATHS = "\"EggTimerSwiftUI/Preview Content\"";
				DEVELOPMENT_TEAM = HDPNMRTNJ6;
				ENABLE_PREVIEWS = YES;
				GENERATE_INFOPLIST_FILE = YES;
				INFOPLIST_KEY_UIApplicationSceneManifest_Generation = YES;
				INFOPLIST_KEY_UIApplicationSupportsIndirectInputEvents = YES;
				INFOPLIST_KEY_UILaunchScreen_Generation = YES;
				INFOPLIST_KEY_UISupportedInterfaceOrientations_iPad = "UIInterfaceOrientationPortrait UIInterfaceOrientationPortraitUpsideDown UIInterfaceOrientationLandscapeLeft UIInterfaceOrientationLandscapeRight";
				INFOPLIST_KEY_UISupportedInterfaceOrientations_iPhone = "UIInterfaceOrientationPortrait UIInterfaceOrientationLandscapeLeft UIInterfaceOrientationLandscapeRight";
				LD_RUNPATH_SEARCH_PATHS = (
					"$(inherited)",
					"@executable_path/Frameworks",
				);
				MARKETING_VERSION = 1.0;
				PRODUCT_BUNDLE_IDENTIFIER = comArtemBilyi.EggTimerSwiftUI;
				PRODUCT_NAME = "$(TARGET_NAME)";
				SWIFT_EMIT_LOC_STRINGS = YES;
				SWIFT_VERSION = 5.0;
				TARGETED_DEVICE_FAMILY = "1,2";
			};
			name = Release;
		};
/* End XCBuildConfiguration section */

/* Begin XCConfigurationList section */
		EDE23CD129A22414008259CC /* Build configuration list for PBXProject "EggTimerSwiftUI" */ = {
			isa = XCConfigurationList;
			buildConfigurations = (
				EDE23CE229A22415008259CC /* Debug */,
				EDE23CE329A22415008259CC /* Release */,
			);
			defaultConfigurationIsVisible = 0;
			defaultConfigurationName = Release;
		};
		EDE23CE429A22415008259CC /* Build configuration list for PBXNativeTarget "EggTimerSwiftUI" */ = {
			isa = XCConfigurationList;
			buildConfigurations = (
				EDE23CE529A22415008259CC /* Debug */,
				EDE23CE629A22415008259CC /* Release */,
			);
			defaultConfigurationIsVisible = 0;
			defaultConfigurationName = Release;
		};
/* End XCConfigurationList section */
	};
	rootObject = EDE23CCE29A22414008259CC /* Project object */;
}
